
Microsoft Visual Studio Solution File, Format Version 12.00
# Visual Studio Version 17
VisualStudioVersion = 17.5.33516.290
MinimumVisualStudioVersion = 10.0.40219.1
Project("{FAE04EC0-301F-11D3-BF4B-00C04F79EFBC}") = "BaltimoreTicketOffice", "BaltimoreTicketOffice.csproj", "{7C401F79-2204-459D-83EF-2BABC21EA16E}"
EndProject
Global
	GlobalSection(SolutionConfigurationPlatforms) = preSolution
		Debug|Any CPU = Debug|Any CPU
		Release|Any CPU = Release|Any CPU
	EndGlobalSection
	GlobalSection(ProjectConfigurationPlatforms) = postSolution
		{7C401F79-2204-459D-83EF-2BABC21EA16E}.Debug|Any CPU.ActiveCfg = Debug|Any CPU
		{7C401F79-2204-459D-83EF-2BABC21EA16E}.Debug|Any CPU.Build.0 = Debug|Any CPU
		{7C401F79-2204-459D-83EF-2BABC21EA16E}.Release|Any CPU.ActiveCfg = Release|Any CPU
		{7C401F79-2204-459D-83EF-2BABC21EA16E}.Release|Any CPU.Build.0 = Release|Any CPU
	EndGlobalSection
	GlobalSection(SolutionProperties) = preSolution
		HideSolutionNode = FALSE
	EndGlobalSection
	GlobalSection(ExtensibilityGlobals) = postSolution
		SolutionGuid = {AA32AC71-44D4-410C-8C55-A4F95A9AC9F4}
	EndGlobalSection
EndGlobal
